// !$*UTF8*$!
{
	archiveVersion = 1;
	classes = {
	};
	objectVersion = 46;
	objects = {

/* Begin PBXBuildFile section */
		2D6FC5831B3897FE00DBD726 /* AppDelegate.swift in Sources */ = {isa = PBXBuildFile; fileRef = 2D6FC5821B3897FE00DBD726 /* AppDelegate.swift */; };
		2D6FC5851B3897FE00DBD726 /* ViewController.swift in Sources */ = {isa = PBXBuildFile; fileRef = 2D6FC5841B3897FE00DBD726 /* ViewController.swift */; };
		2D6FC5881B3897FE00DBD726 /* Main.storyboard in Resources */ = {isa = PBXBuildFile; fileRef = 2D6FC5861B3897FE00DBD726 /* Main.storyboard */; };
		2D6FC58A1B3897FE00DBD726 /* Images.xcassets in Resources */ = {isa = PBXBuildFile; fileRef = 2D6FC5891B3897FE00DBD726 /* Images.xcassets */; };
		2D6FC58D1B3897FE00DBD726 /* LaunchScreen.xib in Resources */ = {isa = PBXBuildFile; fileRef = 2D6FC58B1B3897FE00DBD726 /* LaunchScreen.xib */; };
		2D6FC5991B3897FE00DBD726 /* MemeMeTests.swift in Sources */ = {isa = PBXBuildFile; fileRef = 2D6FC5981B3897FE00DBD726 /* MemeMeTests.swift */; };
/* End PBXBuildFile section */

/* Begin PBXContainerItemProxy section */
		2D6FC5931B3897FE00DBD726 /* PBXContainerItemProxy */ = {
			isa = PBXContainerItemProxy;
			containerPortal = 2D6FC5751B3897FE00DBD726 /* Project object */;
			proxyType = 1;
			remoteGlobalIDString = 2D6FC57C1B3897FE00DBD726;
			remoteInfo = MemeMe;
		};
/* End PBXContainerItemProxy section */

/* Begin PBXFileReference section */
		2D6FC57D1B3897FE00DBD726 /* MemeMe.app */ = {isa = PBXFileReference; explicitFileType = wrapper.application; includeInIndex = 0; path = MemeMe.app; sourceTree = BUILT_PRODUCTS_DIR; };
		2D6FC5811B3897FE00DBD726 /* Info.plist */ = {isa = PBXFileReference; lastKnownFileType = text.plist.xml; path = Info.plist; sourceTree = "<group>"; };
		2D6FC5821B3897FE00DBD726 /* AppDelegate.swift */ = {isa = PBXFileReference; lastKnownFileType = sourcecode.swift; path = AppDelegate.swift; sourceTree = "<group>"; };
		2D6FC5841B3897FE00DBD726 /* ViewController.swift */ = {isa = PBXFileReference; lastKnownFileType = sourcecode.swift; path = ViewController.swift; sourceTree = "<group>"; };
		2D6FC5871B3897FE00DBD726 /* Base */ = {isa = PBXFileReference; lastKnownFileType = file.storyboard; name = Base; path = Base.lproj/Main.storyboard; sourceTree = "<group>"; };
		2D6FC5891B3897FE00DBD726 /* Images.xcassets */ = {isa = PBXFileReference; lastKnownFileType = folder.assetcatalog; path = Images.xcassets; sourceTree = "<group>"; };
		2D6FC58C1B3897FE00DBD726 /* Base */ = {isa = PBXFileReference; lastKnownFileType = file.xib; name = Base; path = Base.lproj/LaunchScreen.xib; sourceTree = "<group>"; };
		2D6FC5921B3897FE00DBD726 /* MemeMeTests.xctest */ = {isa = PBXFileReference; explicitFileType = wrapper.cfbundle; includeInIndex = 0; path = MemeMeTests.xctest; sourceTree = BUILT_PRODUCTS_DIR; };
		2D6FC5971B3897FE00DBD726 /* Info.plist */ = {isa = PBXFileReference; lastKnownFileType = text.plist.xml; path = Info.plist; sourceTree = "<group>"; };
		2D6FC5981B3897FE00DBD726 /* MemeMeTests.swift */ = {isa = PBXFileReference; lastKnownFileType = sourcecode.swift; path = MemeMeTests.swift; sourceTree = "<group>"; };
/* End PBXFileReference section */

/* Begin PBXFrameworksBuildPhase section */
		2D6FC57A1B3897FE00DBD726 /* Frameworks */ = {
			isa = PBXFrameworksBuildPhase;
			buildActionMask = 2147483647;
			files = (
			);
			runOnlyForDeploymentPostprocessing = 0;
		};
		2D6FC58F1B3897FE00DBD726 /* Frameworks */ = {
			isa = PBXFrameworksBuildPhase;
			buildActionMask = 2147483647;
			files = (
			);
			runOnlyForDeploymentPostprocessing = 0;
		};
/* End PBXFrameworksBuildPhase section */

/* Begin PBXGroup section */
		2D6FC5741B3897FE00DBD726 = {
			isa = PBXGroup;
			children = (
				2D6FC57F1B3897FE00DBD726 /* MemeMe */,
				2D6FC5951B3897FE00DBD726 /* MemeMeTests */,
				2D6FC57E1B3897FE00DBD726 /* Products */,
			);
			sourceTree = "<group>";
		};
		2D6FC57E1B3897FE00DBD726 /* Products */ = {
			isa = PBXGroup;
			children = (
				2D6FC57D1B3897FE00DBD726 /* MemeMe.app */,
				2D6FC5921B3897FE00DBD726 /* MemeMeTests.xctest */,
			);
			name = Products;
			sourceTree = "<group>";
		};
		2D6FC57F1B3897FE00DBD726 /* MemeMe */ = {
			isa = PBXGroup;
			children = (
				2D6FC5821B3897FE00DBD726 /* AppDelegate.swift */,
				2D6FC5841B3897FE00DBD726 /* ViewController.swift */,
				2D6FC5861B3897FE00DBD726 /* Main.storyboard */,
				2D6FC5891B3897FE00DBD726 /* Images.xcassets */,
				2D6FC58B1B3897FE00DBD726 /* LaunchScreen.xib */,
				2D6FC5801B3897FE00DBD726 /* Supporting Files */,
			);
			path = MemeMe;
			sourceTree = "<group>";
		};
		2D6FC5801B3897FE00DBD726 /* Supporting Files */ = {
			isa = PBXGroup;
			children = (
				2D6FC5811B3897FE00DBD726 /* Info.plist */,
			);
			name = "Supporting Files";
			sourceTree = "<group>";
		};
		2D6FC5951B3897FE00DBD726 /* MemeMeTests */ = {
			isa = PBXGroup;
			children = (
				2D6FC5981B3897FE00DBD726 /* MemeMeTests.swift */,
				2D6FC5961B3897FE00DBD726 /* Supporting Files */,
			);
			path = MemeMeTests;
			sourceTree = "<group>";
		};
		2D6FC5961B3897FE00DBD726 /* Supporting Files */ = {
			isa = PBXGroup;
			children = (
				2D6FC5971B3897FE00DBD726 /* Info.plist */,
			);
			name = "Supporting Files";
			sourceTree = "<group>";
		};
/* End PBXGroup section */

/* Begin PBXNativeTarget section */
		2D6FC57C1B3897FE00DBD726 /* MemeMe */ = {
			isa = PBXNativeTarget;
			buildConfigurationList = 2D6FC59C1B3897FE00DBD726 /* Build configuration list for PBXNativeTarget "MemeMe" */;
			buildPhases = (
				2D6FC5791B3897FE00DBD726 /* Sources */,
				2D6FC57A1B3897FE00DBD726 /* Frameworks */,
				2D6FC57B1B3897FE00DBD726 /* Resources */,
			);
			buildRules = (
			);
			dependencies = (
			);
			name = MemeMe;
			productName = MemeMe;
			productReference = 2D6FC57D1B3897FE00DBD726 /* MemeMe.app */;
			productType = "com.apple.product-type.application";
		};
		2D6FC5911B3897FE00DBD726 /* MemeMeTests */ = {
			isa = PBXNativeTarget;
			buildConfigurationList = 2D6FC59F1B3897FE00DBD726 /* Build configuration list for PBXNativeTarget "MemeMeTests" */;
			buildPhases = (
				2D6FC58E1B3897FE00DBD726 /* Sources */,
				2D6FC58F1B3897FE00DBD726 /* Frameworks */,
				2D6FC5901B3897FE00DBD726 /* Resources */,
			);
			buildRules = (
			);
			dependencies = (
				2D6FC5941B3897FE00DBD726 /* PBXTargetDependency */,
			);
			name = MemeMeTests;
			productName = MemeMeTests;
			productReference = 2D6FC5921B3897FE00DBD726 /* MemeMeTests.xctest */;
			productType = "com.apple.product-type.bundle.unit-test";
		};
/* End PBXNativeTarget section */

/* Begin PBXProject section */
		2D6FC5751B3897FE00DBD726 /* Project object */ = {
			isa = PBXProject;
			attributes = {
				LastUpgradeCheck = 0630;
				ORGANIZATIONNAME = "Per Dalsgaard";
				TargetAttributes = {
					2D6FC57C1B3897FE00DBD726 = {
						CreatedOnToolsVersion = 6.3.1;
					};
					2D6FC5911B3897FE00DBD726 = {
						CreatedOnToolsVersion = 6.3.1;
						TestTargetID = 2D6FC57C1B3897FE00DBD726;
					};
				};
			};
			buildConfigurationList = 2D6FC5781B3897FE00DBD726 /* Build configuration list for PBXProject "MemeMe" */;
			compatibilityVersion = "Xcode 3.2";
			developmentRegion = English;
			hasScannedForEncodings = 0;
			knownRegions = (
				en,
				Base,
			);
			mainGroup = 2D6FC5741B3897FE00DBD726;
			productRefGroup = 2D6FC57E1B3897FE00DBD726 /* Products */;
			projectDirPath = "";
			projectRoot = "";
			targets = (
				2D6FC57C1B3897FE00DBD726 /* MemeMe */,
				2D6FC5911B3897FE00DBD726 /* MemeMeTests */,
			);
		};
/* End PBXProject section */

/* Begin PBXResourcesBuildPhase section */
		2D6FC57B1B3897FE00DBD726 /* Resources */ = {
			isa = PBXResourcesBuildPhase;
			buildActionMask = 2147483647;
			files = (
				2D6FC5881B3897FE00DBD726 /* Main.storyboard in Resources */,
				2D6FC58D1B3897FE00DBD726 /* LaunchScreen.xib in Resources */,
				2D6FC58A1B3897FE00DBD726 /* Images.xcassets in Resources */,
			);
			runOnlyForDeploymentPostprocessing = 0;
		};
		2D6FC5901B3897FE00DBD726 /* Resources */ = {
			isa = PBXResourcesBuildPhase;
			buildActionMask = 2147483647;
			files = (
			);
			runOnlyForDeploymentPostprocessing = 0;
		};
/* End PBXResourcesBuildPhase section */

/* Begin PBXSourcesBuildPhase section */
		2D6FC5791B3897FE00DBD726 /* Sources */ = {
			isa = PBXSourcesBuildPhase;
			buildActionMask = 2147483647;
			files = (
				2D6FC5851B3897FE00DBD726 /* ViewController.swift in Sources */,
				2D6FC5831B3897FE00DBD726 /* AppDelegate.swift in Sources */,
			);
			runOnlyForDeploymentPostprocessing = 0;
		};
		2D6FC58E1B3897FE00DBD726 /* Sources */ = {
			isa = PBXSourcesBuildPhase;
			buildActionMask = 2147483647;
			files = (
				2D6FC5991B3897FE00DBD726 /* MemeMeTests.swift in Sources */,
			);
			runOnlyForDeploymentPostprocessing = 0;
		};
/* End PBXSourcesBuildPhase section */

/* Begin PBXTargetDependency section */
		2D6FC5941B3897FE00DBD726 /* PBXTargetDependency */ = {
			isa = PBXTargetDependency;
			target = 2D6FC57C1B3897FE00DBD726 /* MemeMe */;
			targetProxy = 2D6FC5931B3897FE00DBD726 /* PBXContainerItemProxy */;
		};
/* End PBXTargetDependency section */

/* Begin PBXVariantGroup section */
		2D6FC5861B3897FE00DBD726 /* Main.storyboard */ = {
			isa = PBXVariantGroup;
			children = (
				2D6FC5871B3897FE00DBD726 /* Base */,
			);
			name = Main.storyboard;
			sourceTree = "<group>";
		};
		2D6FC58B1B3897FE00DBD726 /* LaunchScreen.xib */ = {
			isa = PBXVariantGroup;
			children = (
				2D6FC58C1B3897FE00DBD726 /* Base */,
			);
			name = LaunchScreen.xib;
			sourceTree = "<group>";
		};
/* End PBXVariantGroup section */

/* Begin XCBuildConfiguration section */
		2D6FC59A1B3897FE00DBD726 /* Debug */ = {
			isa = XCBuildConfiguration;
			buildSettings = {
				ALWAYS_SEARCH_USER_PATHS = NO;
				CLANG_CXX_LANGUAGE_STANDARD = "gnu++0x";
				CLANG_CXX_LIBRARY = "libc++";
				CLANG_ENABLE_MODULES = YES;
				CLANG_ENABLE_OBJC_ARC = YES;
				CLANG_WARN_BOOL_CONVERSION = YES;
				CLANG_WARN_CONSTANT_CONVERSION = YES;
				CLANG_WARN_DIRECT_OBJC_ISA_USAGE = YES_ERROR;
				CLANG_WARN_EMPTY_BODY = YES;
				CLANG_WARN_ENUM_CONVERSION = YES;
				CLANG_WARN_INT_CONVERSION = YES;
				CLANG_WARN_OBJC_ROOT_CLASS = YES_ERROR;
				CLANG_WARN_UNREACHABLE_CODE = YES;
				CLANG_WARN__DUPLICATE_METHOD_MATCH = YES;
				"CODE_SIGN_IDENTITY[sdk=iphoneos*]" = "iPhone Developer";
				COPY_PHASE_STRIP = NO;
				DEBUG_INFORMATION_FORMAT = "dwarf-with-dsym";
				ENABLE_STRICT_OBJC_MSGSEND = YES;
				GCC_C_LANGUAGE_STANDARD = gnu99;
				GCC_DYNAMIC_NO_PIC = NO;
				GCC_NO_COMMON_BLOCKS = YES;
				GCC_OPTIMIZATION_LEVEL = 0;
				GCC_PREPROCESSOR_DEFINITIONS = (
					"DEBUG=1",
					"$(inherited)",
				);
				GCC_SYMBOLS_PRIVATE_EXTERN = NO;
				GCC_WARN_64_TO_32_BIT_CONVERSION = YES;
				GCC_WARN_ABOUT_RETURN_TYPE = YES_ERROR;
				GCC_WARN_UNDECLARED_SELECTOR = YES;
				GCC_WARN_UNINITIALIZED_AUTOS = YES_AGGRESSIVE;
				GCC_WARN_UNUSED_FUNCTION = YES;
				GCC_WARN_UNUSED_VARIABLE = YES;
				IPHONEOS_DEPLOYMENT_TARGET = 8.3;
				MTL_ENABLE_DEBUG_INFO = YES;
				ONLY_ACTIVE_ARCH = YES;
				SDKROOT = iphoneos;
				SWIFT_OPTIMIZATION_LEVEL = "-Onone";
			};
			name = Debug;
		};
		2D6FC59B1B3897FE00DBD726 /* Release */ = {
			isa = XCBuildConfiguration;
			buildSettings = {
				ALWAYS_SEARCH_USER_PATHS = NO;
				CLANG_CXX_LANGUAGE_STANDARD = "gnu++0x";
				CLANG_CXX_LIBRARY = "libc++";
				CLANG_ENABLE_MODULES = YES;
				CLANG_ENABLE_OBJC_ARC = YES;
				CLANG_WARN_BOOL_CONVERSION = YES;
				CLANG_WARN_CONSTANT_CONVERSION = YES;
				CLANG_WARN_DIRECT_OBJC_ISA_USAGE = YES_ERROR;
				CLANG_WARN_EMPTY_BODY = YES;
				CLANG_WARN_ENUM_CONVERSION = YES;
				CLANG_WARN_INT_CONVERSION = YES;
				CLANG_WARN_OBJC_ROOT_CLASS = YES_ERROR;
				CLANG_WARN_UNREACHABLE_CODE = YES;
				CLANG_WARN__DUPLICATE_METHOD_MATCH = YES;
				"CODE_SIGN_IDENTITY[sdk=iphoneos*]" = "iPhone Developer";
				COPY_PHASE_STRIP = NO;
				DEBUG_INFORMATION_FORMAT = "dwarf-with-dsym";
				ENABLE_NS_ASSERTIONS = NO;
				ENABLE_STRICT_OBJC_MSGSEND = YES;
				GCC_C_LANGUAGE_STANDARD = gnu99;
				GCC_NO_COMMON_BLOCKS = YES;
				GCC_WARN_64_TO_32_BIT_CONVERSION = YES;
				GCC_WARN_ABOUT_RETURN_TYPE = YES_ERROR;
				GCC_WARN_UNDECLARED_SELECTOR = YES;
				GCC_WARN_UNINITIALIZED_AUTOS = YES_AGGRESSIVE;
				GCC_WARN_UNUSED_FUNCTION = YES;
				GCC_WARN_UNUSED_VARIABLE = YES;
				IPHONEOS_DEPLOYMENT_TARGET = 8.3;
				MTL_ENABLE_DEBUG_INFO = NO;
				SDKROOT = iphoneos;
				VALIDATE_PRODUCT = YES;
			};
			name = Release;
		};
		2D6FC59D1B3897FE00DBD726 /* Debug */ = {
			isa = XCBuildConfiguration;
			buildSettings = {
				ASSETCATALOG_COMPILER_APPICON_NAME = AppIcon;
				INFOPLIST_FILE = MemeMe/Info.plist;
				LD_RUNPATH_SEARCH_PATHS = "$(inherited) @executable_path/Frameworks";
				PRODUCT_NAME = "$(TARGET_NAME)";
			};
			name = Debug;
		};
		2D6FC59E1B3897FE00DBD726 /* Release */ = {
			isa = XCBuildConfiguration;
			buildSettings = {
				ASSETCATALOG_COMPILER_APPICON_NAME = AppIcon;
				INFOPLIST_FILE = MemeMe/Info.plist;
				LD_RUNPATH_SEARCH_PATHS = "$(inherited) @executable_path/Frameworks";
				PRODUCT_NAME = "$(TARGET_NAME)";
			};
			name = Release;
		};
		2D6FC5A01B3897FE00DBD726 /* Debug */ = {
			isa = XCBuildConfiguration;
			buildSettings = {
				BUNDLE_LOADER = "$(TEST_HOST)";
				FRAMEWORK_SEARCH_PATHS = (
					"$(SDKROOT)/Developer/Library/Frameworks",
					"$(inherited)",
				);
				GCC_PREPROCESSOR_DEFINITIONS = (
					"DEBUG=1",
					"$(inherited)",
				);
				INFOPLIST_FILE = MemeMeTests/Info.plist;
				LD_RUNPATH_SEARCH_PATHS = "$(inherited) @executable_path/Frameworks @loader_path/Frameworks";
				PRODUCT_NAME = "$(TARGET_NAME)";
				TEST_HOST = "$(BUILT_PRODUCTS_DIR)/MemeMe.app/MemeMe";
			};
			name = Debug;
		};
		2D6FC5A11B3897FE00DBD726 /* Release */ = {
			isa = XCBuildConfiguration;
			buildSettings = {
				BUNDLE_LOADER = "$(TEST_HOST)";
				FRAMEWORK_SEARCH_PATHS = (
					"$(SDKROOT)/Developer/Library/Frameworks",
					"$(inherited)",
				);
				INFOPLIST_FILE = MemeMeTests/Info.plist;
				LD_RUNPATH_SEARCH_PATHS = "$(inherited) @executable_path/Frameworks @loader_path/Frameworks";
				PRODUCT_NAME = "$(TARGET_NAME)";
				TEST_HOST = "$(BUILT_PRODUCTS_DIR)/MemeMe.app/MemeMe";
			};
			name = Release;
		};
/* End XCBuildConfiguration section */

/* Begin XCConfigurationList section */
		2D6FC5781B3897FE00DBD726 /* Build configuration list for PBXProject "MemeMe" */ = {
			isa = XCConfigurationList;
			buildConfigurations = (
				2D6FC59A1B3897FE00DBD726 /* Debug */,
				2D6FC59B1B3897FE00DBD726 /* Release */,
			);
			defaultConfigurationIsVisible = 0;
			defaultConfigurationName = Release;
		};
		2D6FC59C1B3897FE00DBD726 /* Build configuration list for PBXNativeTarget "MemeMe" */ = {
			isa = XCConfigurationList;
			buildConfigurations = (
				2D6FC59D1B3897FE00DBD726 /* Debug */,
				2D6FC59E1B3897FE00DBD726 /* Release */,
			);
			defaultConfigurationIsVisible = 0;
		};
		2D6FC59F1B3897FE00DBD726 /* Build configuration list for PBXNativeTarget "MemeMeTests" */ = {
			isa = XCConfigurationList;
			buildConfigurations = (
				2D6FC5A01B3897FE00DBD726 /* Debug */,
				2D6FC5A11B3897FE00DBD726 /* Release */,
			);
			defaultConfigurationIsVisible = 0;
		};
/* End XCConfigurationList section */
	};
	rootObject = 2D6FC5751B3897FE00DBD726 /* Project object */;
}
